# This file is @generated by PDM.
# It is not intended for manual editing.

[metadata]
groups = ["default", "dev"]
strategy = ["cross_platform", "inherit_metadata"]
lock_version = "4.4.1"
content_hash = "sha256:73271ac30340365272424743c809342bbbed0255cbc87da4d053a6e366e73874"

[[package]]
name = "beautifulsoup4"
version = "4.12.3"
requires_python = ">=3.6.0"
summary = "Screen-scraping library"
groups = ["default"]
dependencies = [
    "soupsieve>1.2",
]
files = [
    {file = "beautifulsoup4-4.12.3-py3-none-any.whl", hash = "sha256:b80878c9f40111313e55da8ba20bdba06d8fa3969fc68304167741bbf9e082ed"},
    {file = "beautifulsoup4-4.12.3.tar.gz", hash = "sha256:74e3d1928edc070d21748185c46e3fb33490f22f52a3addee9aee0f4f7781051"},
]

[[package]]
name = "genson"
version = "1.2.2"
summary = "GenSON is a powerful, user-friendly JSON Schema generator."
groups = ["default"]
files = [
    {file = "genson-1.2.2.tar.gz", hash = "sha256:8caf69aa10af7aee0e1a1351d1d06801f4696e005f06cedef438635384346a16"},
]

[[package]]
name = "json-repair"
version = "0.17.1"
requires_python = ">=3.7"
summary = "A package to repair broken json strings"
groups = ["default"]
files = [
    {file = "json_repair-0.17.1-py3-none-any.whl", hash = "sha256:e649d7b7f35a7ecfcef795a460b033dd4cd542dd8637235e8918f3dbee9f8827"},
    {file = "json_repair-0.17.1.tar.gz", hash = "sha256:d32768d3397dc9256b3cabdc731812c11ac60e6baa2f50df3ad8b5f006363ede"},
]

[[package]]
name = "jsonref"
version = "1.1.0"
requires_python = ">=3.7"
summary = "jsonref is a library for automatic dereferencing of JSON Reference objects for Python."
groups = ["default"]
files = [
    {file = "jsonref-1.1.0-py3-none-any.whl", hash = "sha256:590dc7773df6c21cbf948b5dac07a72a251db28b0238ceecce0a2abfa8ec30a9"},
    {file = "jsonref-1.1.0.tar.gz", hash = "sha256:32fe8e1d85af0fdefbebce950af85590b22b60f9e95443176adbde4e1ecea552"},
]

[[package]]
name = "soupsieve"
version = "2.5"
requires_python = ">=3.8"
summary = "A modern CSS selector implementation for Beautiful Soup."
groups = ["default"]
files = [
    {file = "soupsieve-2.5-py3-none-any.whl", hash = "sha256:eaa337ff55a1579b6549dc679565eac1e3d000563bcb1c8ab0d0fefbc0c2cdc7"},
    {file = "soupsieve-2.5.tar.gz", hash = "sha256:5663d5a7b3bfaeee0bc4372e7fc48f9cff4940b3eec54a6451cc5299f1097690"},
]
